// !$*UTF8*$!
{
	archiveVersion = 1;
	classes = {
	};
	objectVersion = 50;
	objects = {

/* Begin PBXBuildFile section */
		D1B8DC7621388BA300358A5A /* AppDelegate.swift in Sources */ = {isa = PBXBuildFile; fileRef = D1B8DC7521388BA300358A5A /* AppDelegate.swift */; };
		D1B8DC7821388BA300358A5A /* TodoListViewController.swift in Sources */ = {isa = PBXBuildFile; fileRef = D1B8DC7721388BA300358A5A /* TodoListViewController.swift */; };
		D1B8DC7B21388BA300358A5A /* Main.storyboard in Resources */ = {isa = PBXBuildFile; fileRef = D1B8DC7921388BA300358A5A /* Main.storyboard */; };
		D1B8DC7D21388BA400358A5A /* Assets.xcassets in Resources */ = {isa = PBXBuildFile; fileRef = D1B8DC7C21388BA400358A5A /* Assets.xcassets */; };
		D1B8DC8021388BA400358A5A /* LaunchScreen.storyboard in Resources */ = {isa = PBXBuildFile; fileRef = D1B8DC7E21388BA400358A5A /* LaunchScreen.storyboard */; };
		D1EAB8A0213A16B50078D1D1 /* Item.swift in Sources */ = {isa = PBXBuildFile; fileRef = D1EAB89F213A16B50078D1D1 /* Item.swift */; };
/* End PBXBuildFile section */

/* Begin PBXFileReference section */
		D1B8DC7221388BA300358A5A /* Todoey.app */ = {isa = PBXFileReference; explicitFileType = wrapper.application; includeInIndex = 0; path = Todoey.app; sourceTree = BUILT_PRODUCTS_DIR; };
		D1B8DC7521388BA300358A5A /* AppDelegate.swift */ = {isa = PBXFileReference; lastKnownFileType = sourcecode.swift; path = AppDelegate.swift; sourceTree = "<group>"; };
		D1B8DC7721388BA300358A5A /* TodoListViewController.swift */ = {isa = PBXFileReference; lastKnownFileType = sourcecode.swift; path = TodoListViewController.swift; sourceTree = "<group>"; };
		D1B8DC7A21388BA300358A5A /* Base */ = {isa = PBXFileReference; lastKnownFileType = file.storyboard; name = Base; path = Base.lproj/Main.storyboard; sourceTree = "<group>"; };
		D1B8DC7C21388BA400358A5A /* Assets.xcassets */ = {isa = PBXFileReference; lastKnownFileType = folder.assetcatalog; path = Assets.xcassets; sourceTree = "<group>"; };
		D1B8DC7F21388BA400358A5A /* Base */ = {isa = PBXFileReference; lastKnownFileType = file.storyboard; name = Base; path = Base.lproj/LaunchScreen.storyboard; sourceTree = "<group>"; };
		D1B8DC8121388BA400358A5A /* Info.plist */ = {isa = PBXFileReference; lastKnownFileType = text.plist.xml; path = Info.plist; sourceTree = "<group>"; };
		D1EAB89F213A16B50078D1D1 /* Item.swift */ = {isa = PBXFileReference; lastKnownFileType = sourcecode.swift; path = Item.swift; sourceTree = "<group>"; };
/* End PBXFileReference section */

/* Begin PBXFrameworksBuildPhase section */
		D1B8DC6F21388BA300358A5A /* Frameworks */ = {
			isa = PBXFrameworksBuildPhase;
			buildActionMask = 2147483647;
			files = (
			);
			runOnlyForDeploymentPostprocessing = 0;
		};
/* End PBXFrameworksBuildPhase section */

/* Begin PBXGroup section */
		D1B8DC6921388BA200358A5A = {
			isa = PBXGroup;
			children = (
				D1B8DC7421388BA300358A5A /* Todoey */,
				D1B8DC7321388BA300358A5A /* Products */,
			);
			sourceTree = "<group>";
		};
		D1B8DC7321388BA300358A5A /* Products */ = {
			isa = PBXGroup;
			children = (
				D1B8DC7221388BA300358A5A /* Todoey.app */,
			);
			name = Products;
			sourceTree = "<group>";
		};
		D1B8DC7421388BA300358A5A /* Todoey */ = {
			isa = PBXGroup;
			children = (
				D1B8DC7521388BA300358A5A /* AppDelegate.swift */,
				D1EAB89E213A16740078D1D1 /* DataModel */,
				D1EAB8A2213A17760078D1D1 /* Views */,
				D1EAB8A1213A176E0078D1D1 /* Controllers */,
				D1EAB8A3213A177E0078D1D1 /* Supporting Files */,
				D1B8DC8121388BA400358A5A /* Info.plist */,
			);
			path = Todoey;
			sourceTree = "<group>";
		};
		D1EAB89E213A16740078D1D1 /* DataModel */ = {
			isa = PBXGroup;
			children = (
				D1EAB89F213A16B50078D1D1 /* Item.swift */,
			);
			path = DataModel;
			sourceTree = "<group>";
		};
		D1EAB8A1213A176E0078D1D1 /* Controllers */ = {
			isa = PBXGroup;
			children = (
				D1B8DC7721388BA300358A5A /* TodoListViewController.swift */,
			);
			path = Controllers;
			sourceTree = "<group>";
		};
		D1EAB8A2213A17760078D1D1 /* Views */ = {
			isa = PBXGroup;
			children = (
				D1B8DC7921388BA300358A5A /* Main.storyboard */,
			);
			path = Views;
			sourceTree = "<group>";
		};
		D1EAB8A3213A177E0078D1D1 /* Supporting Files */ = {
			isa = PBXGroup;
			children = (
				D1B8DC7C21388BA400358A5A /* Assets.xcassets */,
				D1B8DC7E21388BA400358A5A /* LaunchScreen.storyboard */,
			);
			path = "Supporting Files";
			sourceTree = "<group>";
		};
/* End PBXGroup section */

/* Begin PBXNativeTarget section */
		D1B8DC7121388BA300358A5A /* Todoey */ = {
			isa = PBXNativeTarget;
			buildConfigurationList = D1B8DC8421388BA400358A5A /* Build configuration list for PBXNativeTarget "Todoey" */;
			buildPhases = (
				D1B8DC6E21388BA300358A5A /* Sources */,
				D1B8DC6F21388BA300358A5A /* Frameworks */,
				D1B8DC7021388BA300358A5A /* Resources */,
			);
			buildRules = (
			);
			dependencies = (
			);
			name = Todoey;
			productName = Todoey;
			productReference = D1B8DC7221388BA300358A5A /* Todoey.app */;
			productType = "com.apple.product-type.application";
		};
/* End PBXNativeTarget section */

/* Begin PBXProject section */
		D1B8DC6A21388BA200358A5A /* Project object */ = {
			isa = PBXProject;
			attributes = {
				LastSwiftUpdateCheck = 0940;
				LastUpgradeCheck = 0940;
				ORGANIZATIONNAME = "Robert Greel";
				TargetAttributes = {
					D1B8DC7121388BA300358A5A = {
						CreatedOnToolsVersion = 9.4.1;
					};
				};
			};
			buildConfigurationList = D1B8DC6D21388BA200358A5A /* Build configuration list for PBXProject "Todoey" */;
			compatibilityVersion = "Xcode 9.3";
			developmentRegion = en;
			hasScannedForEncodings = 0;
			knownRegions = (
				en,
				Base,
			);
			mainGroup = D1B8DC6921388BA200358A5A;
			productRefGroup = D1B8DC7321388BA300358A5A /* Products */;
			projectDirPath = "";
			projectRoot = "";
			targets = (
				D1B8DC7121388BA300358A5A /* Todoey */,
			);
		};
/* End PBXProject section */

/* Begin PBXResourcesBuildPhase section */
		D1B8DC7021388BA300358A5A /* Resources */ = {
			isa = PBXResourcesBuildPhase;
			buildActionMask = 2147483647;
			files = (
				D1B8DC8021388BA400358A5A /* LaunchScreen.storyboard in Resources */,
				D1B8DC7D21388BA400358A5A /* Assets.xcassets in Resources */,
				D1B8DC7B21388BA300358A5A /* Main.storyboard in Resources */,
			);
			runOnlyForDeploymentPostprocessing = 0;
		};
/* End PBXResourcesBuildPhase section */

/* Begin PBXSourcesBuildPhase section */
		D1B8DC6E21388BA300358A5A /* Sources */ = {
			isa = PBXSourcesBuildPhase;
			buildActionMask = 2147483647;
			files = (
				D1B8DC7821388BA300358A5A /* TodoListViewController.swift in Sources */,
				D1B8DC7621388BA300358A5A /* AppDelegate.swift in Sources */,
				D1EAB8A0213A16B50078D1D1 /* Item.swift in Sources */,
			);
			runOnlyForDeploymentPostprocessing = 0;
		};
/* End PBXSourcesBuildPhase section */

/* Begin PBXVariantGroup section */
		D1B8DC7921388BA300358A5A /* Main.storyboard */ = {
			isa = PBXVariantGroup;
			children = (
				D1B8DC7A21388BA300358A5A /* Base */,
			);
			name = Main.storyboard;
			sourceTree = "<group>";
		};
		D1B8DC7E21388BA400358A5A /* LaunchScreen.storyboard */ = {
			isa = PBXVariantGroup;
			children = (
				D1B8DC7F21388BA400358A5A /* Base */,
			);
			name = LaunchScreen.storyboard;
			sourceTree = "<group>";
		};
/* End PBXVariantGroup section */

/* Begin XCBuildConfiguration section */
		D1B8DC8221388BA400358A5A /* Debug */ = {
			isa = XCBuildConfiguration;
			buildSettings = {
				ALWAYS_SEARCH_USER_PATHS = NO;
				CLANG_ANALYZER_NONNULL = YES;
				CLANG_ANALYZER_NUMBER_OBJECT_CONVERSION = YES_AGGRESSIVE;
				CLANG_CXX_LANGUAGE_STANDARD = "gnu++14";
				CLANG_CXX_LIBRARY = "libc++";
				CLANG_ENABLE_MODULES = YES;
				CLANG_ENABLE_OBJC_ARC = YES;
				CLANG_ENABLE_OBJC_WEAK = YES;
				CLANG_WARN_BLOCK_CAPTURE_AUTORELEASING = YES;
				CLANG_WARN_BOOL_CONVERSION = YES;
				CLANG_WARN_COMMA = YES;
				CLANG_WARN_CONSTANT_CONVERSION = YES;
				CLANG_WARN_DEPRECATED_OBJC_IMPLEMENTATIONS = YES;
				CLANG_WARN_DIRECT_OBJC_ISA_USAGE = YES_ERROR;
				CLANG_WARN_DOCUMENTATION_COMMENTS = YES;
				CLANG_WARN_EMPTY_BODY = YES;
				CLANG_WARN_ENUM_CONVERSION = YES;
				CLANG_WARN_INFINITE_RECURSION = YES;
				CLANG_WARN_INT_CONVERSION = YES;
				CLANG_WARN_NON_LITERAL_NULL_CONVERSION = YES;
				CLANG_WARN_OBJC_IMPLICIT_RETAIN_SELF = YES;
				CLANG_WARN_OBJC_LITERAL_CONVERSION = YES;
				CLANG_WARN_OBJC_ROOT_CLASS = YES_ERROR;
				CLANG_WARN_RANGE_LOOP_ANALYSIS = YES;
				CLANG_WARN_STRICT_PROTOTYPES = YES;
				CLANG_WARN_SUSPICIOUS_MOVE = YES;
				CLANG_WARN_UNGUARDED_AVAILABILITY = YES_AGGRESSIVE;
				CLANG_WARN_UNREACHABLE_CODE = YES;
				CLANG_WARN__DUPLICATE_METHOD_MATCH = YES;
				CODE_SIGN_IDENTITY = "iPhone Developer";
				COPY_PHASE_STRIP = NO;
				DEBUG_INFORMATION_FORMAT = dwarf;
				ENABLE_STRICT_OBJC_MSGSEND = YES;
				ENABLE_TESTABILITY = YES;
				GCC_C_LANGUAGE_STANDARD = gnu11;
				GCC_DYNAMIC_NO_PIC = NO;
				GCC_NO_COMMON_BLOCKS = YES;
				GCC_OPTIMIZATION_LEVEL = 0;
				GCC_PREPROCESSOR_DEFINITIONS = (
					"DEBUG=1",
					"$(inherited)",
				);
				GCC_WARN_64_TO_32_BIT_CONVERSION = YES;
				GCC_WARN_ABOUT_RETURN_TYPE = YES_ERROR;
				GCC_WARN_UNDECLARED_SELECTOR = YES;
				GCC_WARN_UNINITIALIZED_AUTOS = YES_AGGRESSIVE;
				GCC_WARN_UNUSED_FUNCTION = YES;
				GCC_WARN_UNUSED_VARIABLE = YES;
				IPHONEOS_DEPLOYMENT_TARGET = 11.4;
				MTL_ENABLE_DEBUG_INFO = YES;
				ONLY_ACTIVE_ARCH = YES;
				SDKROOT = iphoneos;
				SWIFT_ACTIVE_COMPILATION_CONDITIONS = DEBUG;
				SWIFT_OPTIMIZATION_LEVEL = "-Onone";
			};
			name = Debug;
		};
		D1B8DC8321388BA400358A5A /* Release */ = {
			isa = XCBuildConfiguration;
			buildSettings = {
				ALWAYS_SEARCH_USER_PATHS = NO;
				CLANG_ANALYZER_NONNULL = YES;
				CLANG_ANALYZER_NUMBER_OBJECT_CONVERSION = YES_AGGRESSIVE;
				CLANG_CXX_LANGUAGE_STANDARD = "gnu++14";
				CLANG_CXX_LIBRARY = "libc++";
				CLANG_ENABLE_MODULES = YES;
				CLANG_ENABLE_OBJC_ARC = YES;
				CLANG_ENABLE_OBJC_WEAK = YES;
				CLANG_WARN_BLOCK_CAPTURE_AUTORELEASING = YES;
				CLANG_WARN_BOOL_CONVERSION = YES;
				CLANG_WARN_COMMA = YES;
				CLANG_WARN_CONSTANT_CONVERSION = YES;
				CLANG_WARN_DEPRECATED_OBJC_IMPLEMENTATIONS = YES;
				CLANG_WARN_DIRECT_OBJC_ISA_USAGE = YES_ERROR;
				CLANG_WARN_DOCUMENTATION_COMMENTS = YES;
				CLANG_WARN_EMPTY_BODY = YES;
				CLANG_WARN_ENUM_CONVERSION = YES;
				CLANG_WARN_INFINITE_RECURSION = YES;
				CLANG_WARN_INT_CONVERSION = YES;
				CLANG_WARN_NON_LITERAL_NULL_CONVERSION = YES;
				CLANG_WARN_OBJC_IMPLICIT_RETAIN_SELF = YES;
				CLANG_WARN_OBJC_LITERAL_CONVERSION = YES;
				CLANG_WARN_OBJC_ROOT_CLASS = YES_ERROR;
				CLANG_WARN_RANGE_LOOP_ANALYSIS = YES;
				CLANG_WARN_STRICT_PROTOTYPES = YES;
				CLANG_WARN_SUSPICIOUS_MOVE = YES;
				CLANG_WARN_UNGUARDED_AVAILABILITY = YES_AGGRESSIVE;
				CLANG_WARN_UNREACHABLE_CODE = YES;
				CLANG_WARN__DUPLICATE_METHOD_MATCH = YES;
				CODE_SIGN_IDENTITY = "iPhone Developer";
				COPY_PHASE_STRIP = NO;
				DEBUG_INFORMATION_FORMAT = "dwarf-with-dsym";
				ENABLE_NS_ASSERTIONS = NO;
				ENABLE_STRICT_OBJC_MSGSEND = YES;
				GCC_C_LANGUAGE_STANDARD = gnu11;
				GCC_NO_COMMON_BLOCKS = YES;
				GCC_WARN_64_TO_32_BIT_CONVERSION = YES;
				GCC_WARN_ABOUT_RETURN_TYPE = YES_ERROR;
				GCC_WARN_UNDECLARED_SELECTOR = YES;
				GCC_WARN_UNINITIALIZED_AUTOS = YES_AGGRESSIVE;
				GCC_WARN_UNUSED_FUNCTION = YES;
				GCC_WARN_UNUSED_VARIABLE = YES;
				IPHONEOS_DEPLOYMENT_TARGET = 11.4;
				MTL_ENABLE_DEBUG_INFO = NO;
				SDKROOT = iphoneos;
				SWIFT_COMPILATION_MODE = wholemodule;
				SWIFT_OPTIMIZATION_LEVEL = "-O";
				VALIDATE_PRODUCT = YES;
			};
			name = Release;
		};
		D1B8DC8521388BA400358A5A /* Debug */ = {
			isa = XCBuildConfiguration;
			buildSettings = {
				ASSETCATALOG_COMPILER_APPICON_NAME = AppIcon;
				CODE_SIGN_STYLE = Automatic;
				DEVELOPMENT_TEAM = G8T6EA5V4N;
				INFOPLIST_FILE = Todoey/Info.plist;
				LD_RUNPATH_SEARCH_PATHS = (
					"$(inherited)",
					"@executable_path/Frameworks",
				);
				PRODUCT_BUNDLE_IDENTIFIER = com.robertgreel.Todoey;
				PRODUCT_NAME = "$(TARGET_NAME)";
				SWIFT_VERSION = 4.0;
				TARGETED_DEVICE_FAMILY = "1,2";
			};
			name = Debug;
		};
		D1B8DC8621388BA400358A5A /* Release */ = {
			isa = XCBuildConfiguration;
			buildSettings = {
				ASSETCATALOG_COMPILER_APPICON_NAME = AppIcon;
				CODE_SIGN_STYLE = Automatic;
				DEVELOPMENT_TEAM = G8T6EA5V4N;
				INFOPLIST_FILE = Todoey/Info.plist;
				LD_RUNPATH_SEARCH_PATHS = (
					"$(inherited)",
					"@executable_path/Frameworks",
				);
				PRODUCT_BUNDLE_IDENTIFIER = com.robertgreel.Todoey;
				PRODUCT_NAME = "$(TARGET_NAME)";
				SWIFT_VERSION = 4.0;
				TARGETED_DEVICE_FAMILY = "1,2";
			};
			name = Release;
		};
/* End XCBuildConfiguration section */

/* Begin XCConfigurationList section */
		D1B8DC6D21388BA200358A5A /* Build configuration list for PBXProject "Todoey" */ = {
			isa = XCConfigurationList;
			buildConfigurations = (
				D1B8DC8221388BA400358A5A /* Debug */,
				D1B8DC8321388BA400358A5A /* Release */,
			);
			defaultConfigurationIsVisible = 0;
			defaultConfigurationName = Release;
		};
		D1B8DC8421388BA400358A5A /* Build configuration list for PBXNativeTarget "Todoey" */ = {
			isa = XCConfigurationList;
			buildConfigurations = (
				D1B8DC8521388BA400358A5A /* Debug */,
				D1B8DC8621388BA400358A5A /* Release */,
			);
			defaultConfigurationIsVisible = 0;
			defaultConfigurationName = Release;
		};
/* End XCConfigurationList section */
	};
	rootObject = D1B8DC6A21388BA200358A5A /* Project object */;
}
